{
  "name": "core-acp-provider",
  "lockfileVersion": 3,
  "requires": true,
  "packages": {
    "": {
      "name": "core-acp-provider",
      "dependencies": {
        "@sbluemin/unified-agent": "file:../../../packages/unified-agent"
      }
    },
    "../../../packages/unified-agent": {
      "name": "@sbluemin/unified-agent",
      "version": "1.0.0",
      "license": "MIT",
      "dependencies": {
        "@agentclientprotocol/sdk": "^0.18.2",
        "picocolors": "^1.1.1",
        "zod": "^4.3.6"
      },
      "bin": {
        "ait": "dist/cli.mjs"
      },
      "devDependencies": {
        "@types/node": "^22.0.0",
        "tsup": "^8.0.0",
        "typescript": "^5.7.0",
        "vitest": "^3.0.0"
      },
      "engines": {
        "node": ">=18.0.0"
      }
    },
    "node_modules/@sbluemin/unified-agent": {
      "resolved": "../../../packages/unified-agent",
      "link": true
    }
  }
}
